
Microsoft Visual Studio Solution File, Format Version 12.00
# Visual Studio Version 16
VisualStudioVersion = 16.0.33423.256
MinimumVisualStudioVersion = 10.0.40219.1
Project("{FAE04EC0-301F-11D3-BF4B-00C04F79EFBC}") = "ConsoleApp1", "ConsoleApp1.csproj", "{2AA89AA2-A365-4978-AC7C-0FBB2BF91510}"
EndProject
Global
	GlobalSection(SolutionConfigurationPlatforms) = preSolution
		Debug|Any CPU = Debug|Any CPU
		Release|Any CPU = Release|Any CPU
	EndGlobalSection
	GlobalSection(ProjectConfigurationPlatforms) = postSolution
		{2AA89AA2-A365-4978-AC7C-0FBB2BF91510}.Debug|Any CPU.ActiveCfg = Debug|Any CPU
		{2AA89AA2-A365-4978-AC7C-0FBB2BF91510}.Debug|Any CPU.Build.0 = Debug|Any CPU
		{2AA89AA2-A365-4978-AC7C-0FBB2BF91510}.Release|Any CPU.ActiveCfg = Release|Any CPU
		{2AA89AA2-A365-4978-AC7C-0FBB2BF91510}.Release|Any CPU.Build.0 = Release|Any CPU
	EndGlobalSection
	GlobalSection(SolutionProperties) = preSolution
		HideSolutionNode = FALSE
	EndGlobalSection
	GlobalSection(ExtensibilityGlobals) = postSolution
		SolutionGuid = {9738B256-9E6F-4317-9C3F-3EAE916AF74B}
	EndGlobalSection
EndGlobal
