
Microsoft Visual Studio Solution File, Format Version 12.00
# Visual Studio Version 17
VisualStudioVersion = 17.6.33723.286
MinimumVisualStudioVersion = 10.0.40219.1
Project("{FAE04EC0-301F-11D3-BF4B-00C04F79EFBC}") = "SA_Task_2", "SA_Task_2.csproj", "{39625A15-5B6C-42C7-B52D-19EE3E38A92E}"
EndProject
Global
	GlobalSection(SolutionConfigurationPlatforms) = preSolution
		Debug|Any CPU = Debug|Any CPU
		Release|Any CPU = Release|Any CPU
	EndGlobalSection
	GlobalSection(ProjectConfigurationPlatforms) = postSolution
		{39625A15-5B6C-42C7-B52D-19EE3E38A92E}.Debug|Any CPU.ActiveCfg = Debug|Any CPU
		{39625A15-5B6C-42C7-B52D-19EE3E38A92E}.Debug|Any CPU.Build.0 = Debug|Any CPU
		{39625A15-5B6C-42C7-B52D-19EE3E38A92E}.Release|Any CPU.ActiveCfg = Release|Any CPU
		{39625A15-5B6C-42C7-B52D-19EE3E38A92E}.Release|Any CPU.Build.0 = Release|Any CPU
	EndGlobalSection
	GlobalSection(SolutionProperties) = preSolution
		HideSolutionNode = FALSE
	EndGlobalSection
	GlobalSection(ExtensibilityGlobals) = postSolution
		SolutionGuid = {188BE8A0-2A98-4E27-87CB-FA52D792F257}
	EndGlobalSection
EndGlobal
