
Microsoft Visual Studio Solution File, Format Version 12.00
# Visual Studio Version 17
VisualStudioVersion = 17.6.33829.357
MinimumVisualStudioVersion = 10.0.40219.1
Project("{FAE04EC0-301F-11D3-BF4B-00C04F79EFBC}") = "Space_Successions", "Space_Successions.csproj", "{34676826-3845-4BD0-99B8-BA344D341564}"
EndProject
Global
	GlobalSection(SolutionConfigurationPlatforms) = preSolution
		Debug|Any CPU = Debug|Any CPU
		Release|Any CPU = Release|Any CPU
	EndGlobalSection
	GlobalSection(ProjectConfigurationPlatforms) = postSolution
		{34676826-3845-4BD0-99B8-BA344D341564}.Debug|Any CPU.ActiveCfg = Debug|Any CPU
		{34676826-3845-4BD0-99B8-BA344D341564}.Debug|Any CPU.Build.0 = Debug|Any CPU
		{34676826-3845-4BD0-99B8-BA344D341564}.Release|Any CPU.ActiveCfg = Release|Any CPU
		{34676826-3845-4BD0-99B8-BA344D341564}.Release|Any CPU.Build.0 = Release|Any CPU
	EndGlobalSection
	GlobalSection(SolutionProperties) = preSolution
		HideSolutionNode = FALSE
	EndGlobalSection
	GlobalSection(ExtensibilityGlobals) = postSolution
		SolutionGuid = {59670418-6901-4D2C-AF03-EFB77CB2E642}
	EndGlobalSection
EndGlobal
