
Microsoft Visual Studio Solution File, Format Version 12.00
# Visual Studio Version 16
VisualStudioVersion = 16.0.33423.256
MinimumVisualStudioVersion = 10.0.40219.1
Project("{FAE04EC0-301F-11D3-BF4B-00C04F79EFBC}") = "Point_Line", "Point_Line.csproj", "{1FE65D61-545F-49D5-BAB3-99430ABF51DF}"
EndProject
Global
	GlobalSection(SolutionConfigurationPlatforms) = preSolution
		Debug|Any CPU = Debug|Any CPU
		Release|Any CPU = Release|Any CPU
	EndGlobalSection
	GlobalSection(ProjectConfigurationPlatforms) = postSolution
		{1FE65D61-545F-49D5-BAB3-99430ABF51DF}.Debug|Any CPU.ActiveCfg = Debug|Any CPU
		{1FE65D61-545F-49D5-BAB3-99430ABF51DF}.Debug|Any CPU.Build.0 = Debug|Any CPU
		{1FE65D61-545F-49D5-BAB3-99430ABF51DF}.Release|Any CPU.ActiveCfg = Release|Any CPU
		{1FE65D61-545F-49D5-BAB3-99430ABF51DF}.Release|Any CPU.Build.0 = Release|Any CPU
	EndGlobalSection
	GlobalSection(SolutionProperties) = preSolution
		HideSolutionNode = FALSE
	EndGlobalSection
	GlobalSection(ExtensibilityGlobals) = postSolution
		SolutionGuid = {70E178A5-FB60-4037-94A9-DE033278D83C}
	EndGlobalSection
EndGlobal
