
Microsoft Visual Studio Solution File, Format Version 12.00
# Visual Studio Version 16
VisualStudioVersion = 16.0.33423.256
MinimumVisualStudioVersion = 10.0.40219.1
Project("{FAE04EC0-301F-11D3-BF4B-00C04F79EFBC}") = "Fire_Department", "Fire_Department.csproj", "{F7901410-F215-4803-AD17-B8187C0D2D85}"
EndProject
Global
	GlobalSection(SolutionConfigurationPlatforms) = preSolution
		Debug|Any CPU = Debug|Any CPU
		Release|Any CPU = Release|Any CPU
	EndGlobalSection
	GlobalSection(ProjectConfigurationPlatforms) = postSolution
		{F7901410-F215-4803-AD17-B8187C0D2D85}.Debug|Any CPU.ActiveCfg = Debug|Any CPU
		{F7901410-F215-4803-AD17-B8187C0D2D85}.Debug|Any CPU.Build.0 = Debug|Any CPU
		{F7901410-F215-4803-AD17-B8187C0D2D85}.Release|Any CPU.ActiveCfg = Release|Any CPU
		{F7901410-F215-4803-AD17-B8187C0D2D85}.Release|Any CPU.Build.0 = Release|Any CPU
	EndGlobalSection
	GlobalSection(SolutionProperties) = preSolution
		HideSolutionNode = FALSE
	EndGlobalSection
	GlobalSection(ExtensibilityGlobals) = postSolution
		SolutionGuid = {0A054EF5-375A-4B1C-9276-6909D3F07686}
	EndGlobalSection
EndGlobal
