
Microsoft Visual Studio Solution File, Format Version 12.00
# Visual Studio Version 16
VisualStudioVersion = 16.0.33423.256
MinimumVisualStudioVersion = 10.0.40219.1
Project("{FAE04EC0-301F-11D3-BF4B-00C04F79EFBC}") = "Arham", "Arham.csproj", "{5BF58167-0C60-4E89-AF30-0EAD2D9E2BB1}"
EndProject
Global
	GlobalSection(SolutionConfigurationPlatforms) = preSolution
		Debug|Any CPU = Debug|Any CPU
		Release|Any CPU = Release|Any CPU
	EndGlobalSection
	GlobalSection(ProjectConfigurationPlatforms) = postSolution
		{5BF58167-0C60-4E89-AF30-0EAD2D9E2BB1}.Debug|Any CPU.ActiveCfg = Debug|Any CPU
		{5BF58167-0C60-4E89-AF30-0EAD2D9E2BB1}.Debug|Any CPU.Build.0 = Debug|Any CPU
		{5BF58167-0C60-4E89-AF30-0EAD2D9E2BB1}.Release|Any CPU.ActiveCfg = Release|Any CPU
		{5BF58167-0C60-4E89-AF30-0EAD2D9E2BB1}.Release|Any CPU.Build.0 = Release|Any CPU
	EndGlobalSection
	GlobalSection(SolutionProperties) = preSolution
		HideSolutionNode = FALSE
	EndGlobalSection
	GlobalSection(ExtensibilityGlobals) = postSolution
		SolutionGuid = {50D68533-A075-4FF7-8235-55A787D00E9E}
	EndGlobalSection
EndGlobal
