
Microsoft Visual Studio Solution File, Format Version 12.00
# Visual Studio Version 17
VisualStudioVersion = 17.6.33723.286
MinimumVisualStudioVersion = 10.0.40219.1
Project("{FAE04EC0-301F-11D3-BF4B-00C04F79EFBC}") = "Black_Jack_Game", "Black_Jack_Game\Black_Jack_Game.csproj", "{4268A430-9560-4D96-9AC5-0CCA26375256}"
EndProject
Global
	GlobalSection(SolutionConfigurationPlatforms) = preSolution
		Debug|Any CPU = Debug|Any CPU
		Release|Any CPU = Release|Any CPU
	EndGlobalSection
	GlobalSection(ProjectConfigurationPlatforms) = postSolution
		{4268A430-9560-4D96-9AC5-0CCA26375256}.Debug|Any CPU.ActiveCfg = Debug|Any CPU
		{4268A430-9560-4D96-9AC5-0CCA26375256}.Debug|Any CPU.Build.0 = Debug|Any CPU
		{4268A430-9560-4D96-9AC5-0CCA26375256}.Release|Any CPU.ActiveCfg = Release|Any CPU
		{4268A430-9560-4D96-9AC5-0CCA26375256}.Release|Any CPU.Build.0 = Release|Any CPU
	EndGlobalSection
	GlobalSection(SolutionProperties) = preSolution
		HideSolutionNode = FALSE
	EndGlobalSection
	GlobalSection(ExtensibilityGlobals) = postSolution
		SolutionGuid = {A266AC91-1EFF-456A-97E2-B8C13910F8F5}
	EndGlobalSection
EndGlobal
