
Microsoft Visual Studio Solution File, Format Version 12.00
# Visual Studio Version 17
VisualStudioVersion = 17.6.33723.286
MinimumVisualStudioVersion = 10.0.40219.1
Project("{FAE04EC0-301F-11D3-BF4B-00C04F79EFBC}") = "Task_3", "Task_3.csproj", "{CF0FA3EC-4A74-4A5F-AA92-744E08C7E5D1}"
EndProject
Global
	GlobalSection(SolutionConfigurationPlatforms) = preSolution
		Debug|Any CPU = Debug|Any CPU
		Release|Any CPU = Release|Any CPU
	EndGlobalSection
	GlobalSection(ProjectConfigurationPlatforms) = postSolution
		{CF0FA3EC-4A74-4A5F-AA92-744E08C7E5D1}.Debug|Any CPU.ActiveCfg = Debug|Any CPU
		{CF0FA3EC-4A74-4A5F-AA92-744E08C7E5D1}.Debug|Any CPU.Build.0 = Debug|Any CPU
		{CF0FA3EC-4A74-4A5F-AA92-744E08C7E5D1}.Release|Any CPU.ActiveCfg = Release|Any CPU
		{CF0FA3EC-4A74-4A5F-AA92-744E08C7E5D1}.Release|Any CPU.Build.0 = Release|Any CPU
	EndGlobalSection
	GlobalSection(SolutionProperties) = preSolution
		HideSolutionNode = FALSE
	EndGlobalSection
	GlobalSection(ExtensibilityGlobals) = postSolution
		SolutionGuid = {6CD4DE44-49C1-48A6-A9A2-D4B0C2E29D5A}
	EndGlobalSection
EndGlobal
